
Microsoft Visual Studio Solution File, Format Version 12.00
# Visual Studio 15
VisualStudioVersion = 15.0.27703.2035
MinimumVisualStudioVersion = 10.0.40219.1
Project("{9092AA53-FB77-4645-B42D-1CCCA6BD08BD}") = "NodejsWebAppDemo", "NodejsWebAppDemo\NodejsWebAppDemo.njsproj", "{6E66BFED-B4DD-4DF8-A555-FDAA556DA50D}"
EndProject
Global
	GlobalSection(SolutionConfigurationPlatforms) = preSolution
		Debug|Any CPU = Debug|Any CPU
		Release|Any CPU = Release|Any CPU
	EndGlobalSection
	GlobalSection(ProjectConfigurationPlatforms) = postSolution
		{6E66BFED-B4DD-4DF8-A555-FDAA556DA50D}.Debug|Any CPU.ActiveCfg = Debug|Any CPU
		{6E66BFED-B4DD-4DF8-A555-FDAA556DA50D}.Debug|Any CPU.Build.0 = Debug|Any CPU
		{6E66BFED-B4DD-4DF8-A555-FDAA556DA50D}.Release|Any CPU.ActiveCfg = Release|Any CPU
		{6E66BFED-B4DD-4DF8-A555-FDAA556DA50D}.Release|Any CPU.Build.0 = Release|Any CPU
	EndGlobalSection
	GlobalSection(SolutionProperties) = preSolution
		HideSolutionNode = FALSE
	EndGlobalSection
	GlobalSection(ExtensibilityGlobals) = postSolution
		SolutionGuid = {47DCFEC8-8345-4D7B-8D50-22F7BFDCB7A1}
	EndGlobalSection
EndGlobal
